
Microsoft Visual Studio Solution File, Format Version 12.00
# Visual Studio Version 17
VisualStudioVersion = 17.6.33801.468
MinimumVisualStudioVersion = 10.0.40219.1
Project("{FAE04EC0-301F-11D3-BF4B-00C04F79EFBC}") = "BasicWEBApI", "BasicWEBApI\BasicWEBApI.csproj", "{685C4688-F860-4E76-9C33-667B003E89D9}"
EndProject
Global
	GlobalSection(SolutionConfigurationPlatforms) = preSolution
		Debug|Any CPU = Debug|Any CPU
		Release|Any CPU = Release|Any CPU
	EndGlobalSection
	GlobalSection(ProjectConfigurationPlatforms) = postSolution
		{685C4688-F860-4E76-9C33-667B003E89D9}.Debug|Any CPU.ActiveCfg = Debug|Any CPU
		{685C4688-F860-4E76-9C33-667B003E89D9}.Debug|Any CPU.Build.0 = Debug|Any CPU
		{685C4688-F860-4E76-9C33-667B003E89D9}.Release|Any CPU.ActiveCfg = Release|Any CPU
		{685C4688-F860-4E76-9C33-667B003E89D9}.Release|Any CPU.Build.0 = Release|Any CPU
	EndGlobalSection
	GlobalSection(SolutionProperties) = preSolution
		HideSolutionNode = FALSE
	EndGlobalSection
	GlobalSection(ExtensibilityGlobals) = postSolution
		SolutionGuid = {A999C8C6-944E-42A1-8490-B9691EC29F64}
	EndGlobalSection
EndGlobal
